
Microsoft Visual Studio Solution File, Format Version 12.00
# Visual Studio Version 16
VisualStudioVersion = 16.0.31515.178
MinimumVisualStudioVersion = 10.0.40219.1
Project("{FAE04EC0-301F-11D3-BF4B-00C04F79EFBC}") = "Diia_UITests", "Diia_UITests\Diia_UITests.csproj", "{2BF7774C-818C-423D-A5A9-23FA78573B62}"
EndProject
Global
	GlobalSection(SolutionConfigurationPlatforms) = preSolution
		Debug|Any CPU = Debug|Any CPU
		Release|Any CPU = Release|Any CPU
	EndGlobalSection
	GlobalSection(ProjectConfigurationPlatforms) = postSolution
		{2BF7774C-818C-423D-A5A9-23FA78573B62}.Debug|Any CPU.ActiveCfg = Debug|Any CPU
		{2BF7774C-818C-423D-A5A9-23FA78573B62}.Debug|Any CPU.Build.0 = Debug|Any CPU
		{2BF7774C-818C-423D-A5A9-23FA78573B62}.Release|Any CPU.ActiveCfg = Release|Any CPU
		{2BF7774C-818C-423D-A5A9-23FA78573B62}.Release|Any CPU.Build.0 = Release|Any CPU
	EndGlobalSection
	GlobalSection(SolutionProperties) = preSolution
		HideSolutionNode = FALSE
	EndGlobalSection
	GlobalSection(ExtensibilityGlobals) = postSolution
		SolutionGuid = {02DBB457-EFCE-46A8-A366-BD82E1F54B27}
	EndGlobalSection
EndGlobal
